// !$*UTF8*$!
{
	archiveVersion = 1;
	classes = {
	};
	objectVersion = 50;
	objects = {

/* Begin PBXBuildFile section */
		790DFB5E2136A4E2007D2691 /* AppDelegate.swift in Sources */ = {isa = PBXBuildFile; fileRef = 790DFB5D2136A4E2007D2691 /* AppDelegate.swift */; };
		790DFB602136A4E2007D2691 /* ViewController.swift in Sources */ = {isa = PBXBuildFile; fileRef = 790DFB5F2136A4E2007D2691 /* ViewController.swift */; };
		790DFB632136A4E2007D2691 /* Main.storyboard in Resources */ = {isa = PBXBuildFile; fileRef = 790DFB612136A4E2007D2691 /* Main.storyboard */; };
		790DFB652136A4E4007D2691 /* Assets.xcassets in Resources */ = {isa = PBXBuildFile; fileRef = 790DFB642136A4E4007D2691 /* Assets.xcassets */; };
		790DFB682136A4E4007D2691 /* LaunchScreen.storyboard in Resources */ = {isa = PBXBuildFile; fileRef = 790DFB662136A4E4007D2691 /* LaunchScreen.storyboard */; };
		790DFB7F2136A5B1007D2691 /* FlickrPhoto.swift in Sources */ = {isa = PBXBuildFile; fileRef = 790DFB7E2136A5B1007D2691 /* FlickrPhoto.swift */; };
		790DFB812136A738007D2691 /* FlickrWireframe.swift in Sources */ = {isa = PBXBuildFile; fileRef = 790DFB802136A738007D2691 /* FlickrWireframe.swift */; };
		790DFB832136A999007D2691 /* FlickrWireframeTests.swift in Sources */ = {isa = PBXBuildFile; fileRef = 790DFB822136A999007D2691 /* FlickrWireframeTests.swift */; };
		790DFB852136AABB007D2691 /* AppDelegateTests.swift in Sources */ = {isa = PBXBuildFile; fileRef = 790DFB842136AABB007D2691 /* AppDelegateTests.swift */; };
		790DFB872136AB82007D2691 /* ViewControllerTests.swift in Sources */ = {isa = PBXBuildFile; fileRef = 790DFB862136AB82007D2691 /* ViewControllerTests.swift */; };
		790DFB892136ACF2007D2691 /* FlickrListPresenterTests.swift in Sources */ = {isa = PBXBuildFile; fileRef = 790DFB882136ACF2007D2691 /* FlickrListPresenterTests.swift */; };
		790DFB8B2136AE19007D2691 /* FlickrListInteractorTests.swift in Sources */ = {isa = PBXBuildFile; fileRef = 790DFB8A2136AE19007D2691 /* FlickrListInteractorTests.swift */; };
		790DFB8D2136B64E007D2691 /* FlickrNetworkTests.swift in Sources */ = {isa = PBXBuildFile; fileRef = 790DFB8C2136B64E007D2691 /* FlickrNetworkTests.swift */; };
		790DFB902136B743007D2691 /* Mocks.swift in Sources */ = {isa = PBXBuildFile; fileRef = 790DFB8F2136B743007D2691 /* Mocks.swift */; };
/* End PBXBuildFile section */

/* Begin PBXContainerItemProxy section */
		790DFB6F2136A4E5007D2691 /* PBXContainerItemProxy */ = {
			isa = PBXContainerItemProxy;
			containerPortal = 790DFB522136A4E2007D2691 /* Project object */;
			proxyType = 1;
			remoteGlobalIDString = 790DFB592136A4E2007D2691;
			remoteInfo = FlickrClient;
		};
/* End PBXContainerItemProxy section */

/* Begin PBXFileReference section */
		790DFB5A2136A4E2007D2691 /* FlickrClient.app */ = {isa = PBXFileReference; explicitFileType = wrapper.application; includeInIndex = 0; path = FlickrClient.app; sourceTree = BUILT_PRODUCTS_DIR; };
		790DFB5D2136A4E2007D2691 /* AppDelegate.swift */ = {isa = PBXFileReference; lastKnownFileType = sourcecode.swift; path = AppDelegate.swift; sourceTree = "<group>"; };
		790DFB5F2136A4E2007D2691 /* ViewController.swift */ = {isa = PBXFileReference; lastKnownFileType = sourcecode.swift; path = ViewController.swift; sourceTree = "<group>"; };
		790DFB622136A4E2007D2691 /* Base */ = {isa = PBXFileReference; lastKnownFileType = file.storyboard; name = Base; path = Base.lproj/Main.storyboard; sourceTree = "<group>"; };
		790DFB642136A4E4007D2691 /* Assets.xcassets */ = {isa = PBXFileReference; lastKnownFileType = folder.assetcatalog; path = Assets.xcassets; sourceTree = "<group>"; };
		790DFB672136A4E4007D2691 /* Base */ = {isa = PBXFileReference; lastKnownFileType = file.storyboard; name = Base; path = Base.lproj/LaunchScreen.storyboard; sourceTree = "<group>"; };
		790DFB692136A4E4007D2691 /* Info.plist */ = {isa = PBXFileReference; lastKnownFileType = text.plist.xml; path = Info.plist; sourceTree = "<group>"; };
		790DFB6E2136A4E5007D2691 /* FlickrClientTests.xctest */ = {isa = PBXFileReference; explicitFileType = wrapper.cfbundle; includeInIndex = 0; path = FlickrClientTests.xctest; sourceTree = BUILT_PRODUCTS_DIR; };
		790DFB742136A4E5007D2691 /* Info.plist */ = {isa = PBXFileReference; lastKnownFileType = text.plist.xml; path = Info.plist; sourceTree = "<group>"; };
		790DFB7E2136A5B1007D2691 /* FlickrPhoto.swift */ = {isa = PBXFileReference; lastKnownFileType = sourcecode.swift; path = FlickrPhoto.swift; sourceTree = "<group>"; };
		790DFB802136A738007D2691 /* FlickrWireframe.swift */ = {isa = PBXFileReference; lastKnownFileType = sourcecode.swift; path = FlickrWireframe.swift; sourceTree = "<group>"; };
		790DFB822136A999007D2691 /* FlickrWireframeTests.swift */ = {isa = PBXFileReference; lastKnownFileType = sourcecode.swift; path = FlickrWireframeTests.swift; sourceTree = "<group>"; };
		790DFB842136AABB007D2691 /* AppDelegateTests.swift */ = {isa = PBXFileReference; lastKnownFileType = sourcecode.swift; path = AppDelegateTests.swift; sourceTree = "<group>"; };
		790DFB862136AB82007D2691 /* ViewControllerTests.swift */ = {isa = PBXFileReference; lastKnownFileType = sourcecode.swift; path = ViewControllerTests.swift; sourceTree = "<group>"; };
		790DFB882136ACF2007D2691 /* FlickrListPresenterTests.swift */ = {isa = PBXFileReference; lastKnownFileType = sourcecode.swift; path = FlickrListPresenterTests.swift; sourceTree = "<group>"; };
		790DFB8A2136AE19007D2691 /* FlickrListInteractorTests.swift */ = {isa = PBXFileReference; lastKnownFileType = sourcecode.swift; path = FlickrListInteractorTests.swift; sourceTree = "<group>"; };
		790DFB8C2136B64E007D2691 /* FlickrNetworkTests.swift */ = {isa = PBXFileReference; lastKnownFileType = sourcecode.swift; path = FlickrNetworkTests.swift; sourceTree = "<group>"; };
		790DFB8F2136B743007D2691 /* Mocks.swift */ = {isa = PBXFileReference; lastKnownFileType = sourcecode.swift; path = Mocks.swift; sourceTree = "<group>"; };
/* End PBXFileReference section */

/* Begin PBXFrameworksBuildPhase section */
		790DFB572136A4E2007D2691 /* Frameworks */ = {
			isa = PBXFrameworksBuildPhase;
			buildActionMask = 2147483647;
			files = (
			);
			runOnlyForDeploymentPostprocessing = 0;
		};
		790DFB6B2136A4E5007D2691 /* Frameworks */ = {
			isa = PBXFrameworksBuildPhase;
			buildActionMask = 2147483647;
			files = (
			);
			runOnlyForDeploymentPostprocessing = 0;
		};
/* End PBXFrameworksBuildPhase section */

/* Begin PBXGroup section */
		790DFB512136A4E2007D2691 = {
			isa = PBXGroup;
			children = (
				790DFB5C2136A4E2007D2691 /* FlickrClient */,
				790DFB712136A4E5007D2691 /* FlickrClientTests */,
				790DFB5B2136A4E2007D2691 /* Products */,
			);
			sourceTree = "<group>";
		};
		790DFB5B2136A4E2007D2691 /* Products */ = {
			isa = PBXGroup;
			children = (
				790DFB5A2136A4E2007D2691 /* FlickrClient.app */,
				790DFB6E2136A4E5007D2691 /* FlickrClientTests.xctest */,
			);
			name = Products;
			sourceTree = "<group>";
		};
		790DFB5C2136A4E2007D2691 /* FlickrClient */ = {
			isa = PBXGroup;
			children = (
				790DFB802136A738007D2691 /* FlickrWireframe.swift */,
				790DFB7D2136A584007D2691 /* Domain */,
				790DFB5D2136A4E2007D2691 /* AppDelegate.swift */,
				790DFB5F2136A4E2007D2691 /* ViewController.swift */,
				790DFB612136A4E2007D2691 /* Main.storyboard */,
				790DFB642136A4E4007D2691 /* Assets.xcassets */,
				790DFB662136A4E4007D2691 /* LaunchScreen.storyboard */,
				790DFB692136A4E4007D2691 /* Info.plist */,
			);
			path = FlickrClient;
			sourceTree = "<group>";
		};
		790DFB712136A4E5007D2691 /* FlickrClientTests */ = {
			isa = PBXGroup;
			children = (
				790DFB742136A4E5007D2691 /* Info.plist */,
				790DFB822136A999007D2691 /* FlickrWireframeTests.swift */,
				790DFB842136AABB007D2691 /* AppDelegateTests.swift */,
				790DFB862136AB82007D2691 /* ViewControllerTests.swift */,
				790DFB882136ACF2007D2691 /* FlickrListPresenterTests.swift */,
				790DFB8A2136AE19007D2691 /* FlickrListInteractorTests.swift */,
				790DFB8C2136B64E007D2691 /* FlickrNetworkTests.swift */,
				790DFB8E2136B737007D2691 /* Mocks */,
			);
			path = FlickrClientTests;
			sourceTree = "<group>";
		};
		790DFB7D2136A584007D2691 /* Domain */ = {
			isa = PBXGroup;
			children = (
				790DFB7E2136A5B1007D2691 /* FlickrPhoto.swift */,
			);
			path = Domain;
			sourceTree = "<group>";
		};
		790DFB8E2136B737007D2691 /* Mocks */ = {
			isa = PBXGroup;
			children = (
				790DFB8F2136B743007D2691 /* Mocks.swift */,
			);
			path = Mocks;
			sourceTree = "<group>";
		};
/* End PBXGroup section */

/* Begin PBXNativeTarget section */
		790DFB592136A4E2007D2691 /* FlickrClient */ = {
			isa = PBXNativeTarget;
			buildConfigurationList = 790DFB772136A4E5007D2691 /* Build configuration list for PBXNativeTarget "FlickrClient" */;
			buildPhases = (
				790DFB562136A4E2007D2691 /* Sources */,
				790DFB572136A4E2007D2691 /* Frameworks */,
				790DFB582136A4E2007D2691 /* Resources */,
			);
			buildRules = (
			);
			dependencies = (
			);
			name = FlickrClient;
			productName = FlickrClient;
			productReference = 790DFB5A2136A4E2007D2691 /* FlickrClient.app */;
			productType = "com.apple.product-type.application";
		};
		790DFB6D2136A4E5007D2691 /* FlickrClientTests */ = {
			isa = PBXNativeTarget;
			buildConfigurationList = 790DFB7A2136A4E5007D2691 /* Build configuration list for PBXNativeTarget "FlickrClientTests" */;
			buildPhases = (
				790DFB6A2136A4E5007D2691 /* Sources */,
				790DFB6B2136A4E5007D2691 /* Frameworks */,
				790DFB6C2136A4E5007D2691 /* Resources */,
			);
			buildRules = (
			);
			dependencies = (
				790DFB702136A4E5007D2691 /* PBXTargetDependency */,
			);
			name = FlickrClientTests;
			productName = FlickrClientTests;
			productReference = 790DFB6E2136A4E5007D2691 /* FlickrClientTests.xctest */;
			productType = "com.apple.product-type.bundle.unit-test";
		};
/* End PBXNativeTarget section */

/* Begin PBXProject section */
		790DFB522136A4E2007D2691 /* Project object */ = {
			isa = PBXProject;
			attributes = {
				LastSwiftUpdateCheck = 0930;
				LastUpgradeCheck = 0930;
				TargetAttributes = {
					790DFB592136A4E2007D2691 = {
						CreatedOnToolsVersion = 9.3.1;
					};
					790DFB6D2136A4E5007D2691 = {
						CreatedOnToolsVersion = 9.3.1;
						TestTargetID = 790DFB592136A4E2007D2691;
					};
				};
			};
			buildConfigurationList = 790DFB552136A4E2007D2691 /* Build configuration list for PBXProject "FlickrClient" */;
			compatibilityVersion = "Xcode 9.3";
			developmentRegion = en;
			hasScannedForEncodings = 0;
			knownRegions = (
				en,
				Base,
			);
			mainGroup = 790DFB512136A4E2007D2691;
			productRefGroup = 790DFB5B2136A4E2007D2691 /* Products */;
			projectDirPath = "";
			projectRoot = "";
			targets = (
				790DFB592136A4E2007D2691 /* FlickrClient */,
				790DFB6D2136A4E5007D2691 /* FlickrClientTests */,
			);
		};
/* End PBXProject section */

/* Begin PBXResourcesBuildPhase section */
		790DFB582136A4E2007D2691 /* Resources */ = {
			isa = PBXResourcesBuildPhase;
			buildActionMask = 2147483647;
			files = (
				790DFB682136A4E4007D2691 /* LaunchScreen.storyboard in Resources */,
				790DFB652136A4E4007D2691 /* Assets.xcassets in Resources */,
				790DFB632136A4E2007D2691 /* Main.storyboard in Resources */,
			);
			runOnlyForDeploymentPostprocessing = 0;
		};
		790DFB6C2136A4E5007D2691 /* Resources */ = {
			isa = PBXResourcesBuildPhase;
			buildActionMask = 2147483647;
			files = (
			);
			runOnlyForDeploymentPostprocessing = 0;
		};
/* End PBXResourcesBuildPhase section */

/* Begin PBXSourcesBuildPhase section */
		790DFB562136A4E2007D2691 /* Sources */ = {
			isa = PBXSourcesBuildPhase;
			buildActionMask = 2147483647;
			files = (
				790DFB602136A4E2007D2691 /* ViewController.swift in Sources */,
				790DFB812136A738007D2691 /* FlickrWireframe.swift in Sources */,
				790DFB7F2136A5B1007D2691 /* FlickrPhoto.swift in Sources */,
				790DFB5E2136A4E2007D2691 /* AppDelegate.swift in Sources */,
			);
			runOnlyForDeploymentPostprocessing = 0;
		};
		790DFB6A2136A4E5007D2691 /* Sources */ = {
			isa = PBXSourcesBuildPhase;
			buildActionMask = 2147483647;
			files = (
				790DFB8D2136B64E007D2691 /* FlickrNetworkTests.swift in Sources */,
				790DFB852136AABB007D2691 /* AppDelegateTests.swift in Sources */,
				790DFB902136B743007D2691 /* Mocks.swift in Sources */,
				790DFB872136AB82007D2691 /* ViewControllerTests.swift in Sources */,
				790DFB832136A999007D2691 /* FlickrWireframeTests.swift in Sources */,
				790DFB892136ACF2007D2691 /* FlickrListPresenterTests.swift in Sources */,
				790DFB8B2136AE19007D2691 /* FlickrListInteractorTests.swift in Sources */,
			);
			runOnlyForDeploymentPostprocessing = 0;
		};
/* End PBXSourcesBuildPhase section */

/* Begin PBXTargetDependency section */
		790DFB702136A4E5007D2691 /* PBXTargetDependency */ = {
			isa = PBXTargetDependency;
			target = 790DFB592136A4E2007D2691 /* FlickrClient */;
			targetProxy = 790DFB6F2136A4E5007D2691 /* PBXContainerItemProxy */;
		};
/* End PBXTargetDependency section */

/* Begin PBXVariantGroup section */
		790DFB612136A4E2007D2691 /* Main.storyboard */ = {
			isa = PBXVariantGroup;
			children = (
				790DFB622136A4E2007D2691 /* Base */,
			);
			name = Main.storyboard;
			sourceTree = "<group>";
		};
		790DFB662136A4E4007D2691 /* LaunchScreen.storyboard */ = {
			isa = PBXVariantGroup;
			children = (
				790DFB672136A4E4007D2691 /* Base */,
			);
			name = LaunchScreen.storyboard;
			sourceTree = "<group>";
		};
/* End PBXVariantGroup section */

/* Begin XCBuildConfiguration section */
		790DFB752136A4E5007D2691 /* Debug */ = {
			isa = XCBuildConfiguration;
			buildSettings = {
				ALWAYS_SEARCH_USER_PATHS = NO;
				CLANG_ANALYZER_NONNULL = YES;
				CLANG_ANALYZER_NUMBER_OBJECT_CONVERSION = YES_AGGRESSIVE;
				CLANG_CXX_LANGUAGE_STANDARD = "gnu++14";
				CLANG_CXX_LIBRARY = "libc++";
				CLANG_ENABLE_MODULES = YES;
				CLANG_ENABLE_OBJC_ARC = YES;
				CLANG_ENABLE_OBJC_WEAK = YES;
				CLANG_WARN_BLOCK_CAPTURE_AUTORELEASING = YES;
				CLANG_WARN_BOOL_CONVERSION = YES;
				CLANG_WARN_COMMA = YES;
				CLANG_WARN_CONSTANT_CONVERSION = YES;
				CLANG_WARN_DEPRECATED_OBJC_IMPLEMENTATIONS = YES;
				CLANG_WARN_DIRECT_OBJC_ISA_USAGE = YES_ERROR;
				CLANG_WARN_DOCUMENTATION_COMMENTS = YES;
				CLANG_WARN_EMPTY_BODY = YES;
				CLANG_WARN_ENUM_CONVERSION = YES;
				CLANG_WARN_INFINITE_RECURSION = YES;
				CLANG_WARN_INT_CONVERSION = YES;
				CLANG_WARN_NON_LITERAL_NULL_CONVERSION = YES;
				CLANG_WARN_OBJC_IMPLICIT_RETAIN_SELF = YES;
				CLANG_WARN_OBJC_LITERAL_CONVERSION = YES;
				CLANG_WARN_OBJC_ROOT_CLASS = YES_ERROR;
				CLANG_WARN_RANGE_LOOP_ANALYSIS = YES;
				CLANG_WARN_STRICT_PROTOTYPES = YES;
				CLANG_WARN_SUSPICIOUS_MOVE = YES;
				CLANG_WARN_UNGUARDED_AVAILABILITY = YES_AGGRESSIVE;
				CLANG_WARN_UNREACHABLE_CODE = YES;
				CLANG_WARN__DUPLICATE_METHOD_MATCH = YES;
				CODE_SIGN_IDENTITY = "iPhone Developer";
				COPY_PHASE_STRIP = NO;
				DEBUG_INFORMATION_FORMAT = dwarf;
				ENABLE_STRICT_OBJC_MSGSEND = YES;
				ENABLE_TESTABILITY = YES;
				GCC_C_LANGUAGE_STANDARD = gnu11;
				GCC_DYNAMIC_NO_PIC = NO;
				GCC_NO_COMMON_BLOCKS = YES;
				GCC_OPTIMIZATION_LEVEL = 0;
				GCC_PREPROCESSOR_DEFINITIONS = (
					"DEBUG=1",
					"$(inherited)",
				);
				GCC_WARN_64_TO_32_BIT_CONVERSION = YES;
				GCC_WARN_ABOUT_RETURN_TYPE = YES_ERROR;
				GCC_WARN_UNDECLARED_SELECTOR = YES;
				GCC_WARN_UNINITIALIZED_AUTOS = YES_AGGRESSIVE;
				GCC_WARN_UNUSED_FUNCTION = YES;
				GCC_WARN_UNUSED_VARIABLE = YES;
				IPHONEOS_DEPLOYMENT_TARGET = 11.3;
				MTL_ENABLE_DEBUG_INFO = YES;
				ONLY_ACTIVE_ARCH = YES;
				SDKROOT = iphoneos;
				SWIFT_ACTIVE_COMPILATION_CONDITIONS = DEBUG;
				SWIFT_OPTIMIZATION_LEVEL = "-Onone";
			};
			name = Debug;
		};
		790DFB762136A4E5007D2691 /* Release */ = {
			isa = XCBuildConfiguration;
			buildSettings = {
				ALWAYS_SEARCH_USER_PATHS = NO;
				CLANG_ANALYZER_NONNULL = YES;
				CLANG_ANALYZER_NUMBER_OBJECT_CONVERSION = YES_AGGRESSIVE;
				CLANG_CXX_LANGUAGE_STANDARD = "gnu++14";
				CLANG_CXX_LIBRARY = "libc++";
				CLANG_ENABLE_MODULES = YES;
				CLANG_ENABLE_OBJC_ARC = YES;
				CLANG_ENABLE_OBJC_WEAK = YES;
				CLANG_WARN_BLOCK_CAPTURE_AUTORELEASING = YES;
				CLANG_WARN_BOOL_CONVERSION = YES;
				CLANG_WARN_COMMA = YES;
				CLANG_WARN_CONSTANT_CONVERSION = YES;
				CLANG_WARN_DEPRECATED_OBJC_IMPLEMENTATIONS = YES;
				CLANG_WARN_DIRECT_OBJC_ISA_USAGE = YES_ERROR;
				CLANG_WARN_DOCUMENTATION_COMMENTS = YES;
				CLANG_WARN_EMPTY_BODY = YES;
				CLANG_WARN_ENUM_CONVERSION = YES;
				CLANG_WARN_INFINITE_RECURSION = YES;
				CLANG_WARN_INT_CONVERSION = YES;
				CLANG_WARN_NON_LITERAL_NULL_CONVERSION = YES;
				CLANG_WARN_OBJC_IMPLICIT_RETAIN_SELF = YES;
				CLANG_WARN_OBJC_LITERAL_CONVERSION = YES;
				CLANG_WARN_OBJC_ROOT_CLASS = YES_ERROR;
				CLANG_WARN_RANGE_LOOP_ANALYSIS = YES;
				CLANG_WARN_STRICT_PROTOTYPES = YES;
				CLANG_WARN_SUSPICIOUS_MOVE = YES;
				CLANG_WARN_UNGUARDED_AVAILABILITY = YES_AGGRESSIVE;
				CLANG_WARN_UNREACHABLE_CODE = YES;
				CLANG_WARN__DUPLICATE_METHOD_MATCH = YES;
				CODE_SIGN_IDENTITY = "iPhone Developer";
				COPY_PHASE_STRIP = NO;
				DEBUG_INFORMATION_FORMAT = "dwarf-with-dsym";
				ENABLE_NS_ASSERTIONS = NO;
				ENABLE_STRICT_OBJC_MSGSEND = YES;
				GCC_C_LANGUAGE_STANDARD = gnu11;
				GCC_NO_COMMON_BLOCKS = YES;
				GCC_WARN_64_TO_32_BIT_CONVERSION = YES;
				GCC_WARN_ABOUT_RETURN_TYPE = YES_ERROR;
				GCC_WARN_UNDECLARED_SELECTOR = YES;
				GCC_WARN_UNINITIALIZED_AUTOS = YES_AGGRESSIVE;
				GCC_WARN_UNUSED_FUNCTION = YES;
				GCC_WARN_UNUSED_VARIABLE = YES;
				IPHONEOS_DEPLOYMENT_TARGET = 11.3;
				MTL_ENABLE_DEBUG_INFO = NO;
				SDKROOT = iphoneos;
				SWIFT_COMPILATION_MODE = wholemodule;
				SWIFT_OPTIMIZATION_LEVEL = "-O";
				VALIDATE_PRODUCT = YES;
			};
			name = Release;
		};
		790DFB782136A4E5007D2691 /* Debug */ = {
			isa = XCBuildConfiguration;
			buildSettings = {
				ASSETCATALOG_COMPILER_APPICON_NAME = AppIcon;
				CODE_SIGN_STYLE = Automatic;
				INFOPLIST_FILE = FlickrClient/Info.plist;
				LD_RUNPATH_SEARCH_PATHS = (
					"$(inherited)",
					"@executable_path/Frameworks",
				);
				PRODUCT_BUNDLE_IDENTIFIER = test.FlickrClient;
				PRODUCT_NAME = "$(TARGET_NAME)";
				SWIFT_VERSION = 4.0;
				TARGETED_DEVICE_FAMILY = "1,2";
			};
			name = Debug;
		};
		790DFB792136A4E5007D2691 /* Release */ = {
			isa = XCBuildConfiguration;
			buildSettings = {
				ASSETCATALOG_COMPILER_APPICON_NAME = AppIcon;
				CODE_SIGN_STYLE = Automatic;
				INFOPLIST_FILE = FlickrClient/Info.plist;
				LD_RUNPATH_SEARCH_PATHS = (
					"$(inherited)",
					"@executable_path/Frameworks",
				);
				PRODUCT_BUNDLE_IDENTIFIER = test.FlickrClient;
				PRODUCT_NAME = "$(TARGET_NAME)";
				SWIFT_VERSION = 4.0;
				TARGETED_DEVICE_FAMILY = "1,2";
			};
			name = Release;
		};
		790DFB7B2136A4E5007D2691 /* Debug */ = {
			isa = XCBuildConfiguration;
			buildSettings = {
				ALWAYS_EMBED_SWIFT_STANDARD_LIBRARIES = YES;
				BUNDLE_LOADER = "$(TEST_HOST)";
				CODE_SIGN_STYLE = Automatic;
				INFOPLIST_FILE = FlickrClientTests/Info.plist;
				LD_RUNPATH_SEARCH_PATHS = (
					"$(inherited)",
					"@executable_path/Frameworks",
					"@loader_path/Frameworks",
				);
				PRODUCT_BUNDLE_IDENTIFIER = test.FlickrClientTests;
				PRODUCT_NAME = "$(TARGET_NAME)";
				SWIFT_VERSION = 4.0;
				TARGETED_DEVICE_FAMILY = "1,2";
				TEST_HOST = "$(BUILT_PRODUCTS_DIR)/FlickrClient.app/FlickrClient";
			};
			name = Debug;
		};
		790DFB7C2136A4E5007D2691 /* Release */ = {
			isa = XCBuildConfiguration;
			buildSettings = {
				ALWAYS_EMBED_SWIFT_STANDARD_LIBRARIES = YES;
				BUNDLE_LOADER = "$(TEST_HOST)";
				CODE_SIGN_STYLE = Automatic;
				INFOPLIST_FILE = FlickrClientTests/Info.plist;
				LD_RUNPATH_SEARCH_PATHS = (
					"$(inherited)",
					"@executable_path/Frameworks",
					"@loader_path/Frameworks",
				);
				PRODUCT_BUNDLE_IDENTIFIER = test.FlickrClientTests;
				PRODUCT_NAME = "$(TARGET_NAME)";
				SWIFT_VERSION = 4.0;
				TARGETED_DEVICE_FAMILY = "1,2";
				TEST_HOST = "$(BUILT_PRODUCTS_DIR)/FlickrClient.app/FlickrClient";
			};
			name = Release;
		};
/* End XCBuildConfiguration section */

/* Begin XCConfigurationList section */
		790DFB552136A4E2007D2691 /* Build configuration list for PBXProject "FlickrClient" */ = {
			isa = XCConfigurationList;
			buildConfigurations = (
				790DFB752136A4E5007D2691 /* Debug */,
				790DFB762136A4E5007D2691 /* Release */,
			);
			defaultConfigurationIsVisible = 0;
			defaultConfigurationName = Release;
		};
		790DFB772136A4E5007D2691 /* Build configuration list for PBXNativeTarget "FlickrClient" */ = {
			isa = XCConfigurationList;
			buildConfigurations = (
				790DFB782136A4E5007D2691 /* Debug */,
				790DFB792136A4E5007D2691 /* Release */,
			);
			defaultConfigurationIsVisible = 0;
			defaultConfigurationName = Release;
		};
		790DFB7A2136A4E5007D2691 /* Build configuration list for PBXNativeTarget "FlickrClientTests" */ = {
			isa = XCConfigurationList;
			buildConfigurations = (
				790DFB7B2136A4E5007D2691 /* Debug */,
				790DFB7C2136A4E5007D2691 /* Release */,
			);
			defaultConfigurationIsVisible = 0;
			defaultConfigurationName = Release;
		};
/* End XCConfigurationList section */
	};
	rootObject = 790DFB522136A4E2007D2691 /* Project object */;
}
